github.com/evanw/esbuild v0.17.12 h1:qSyUwavXGLlEb8B8FQQX4ZZkcF86d9c4X2P20paZKyo=
github.com/evanw/esbuild v0.17.12/go.mod h1:iINY06rn799hi48UqEnaQvVfZWe6W9bET78LbvN8VWk=
github.com/mivinci/cli v0.0.0-20230313171747-7e0affd332ce h1:kHtl8KQCtWTOnC8FHs20yr2Bj6/MecpQfW57SYjbecE=
github.com/mivinci/cli v0.0.0-20230313171747-7e0affd332ce/go.mod h1:wSaLtjsFz3KXz/cGUjhuJsbpUnnypflDpRpNcVcF9zQ=
github.com/russross/blackfriday/v2 v2.1.0 h1:JIOH55/0cWyOuilr9/qlrm0BSXldqnqwMsf35Ld67mk=
github.com/russross/blackfriday/v2 v2.1.0/go.mod h1:+Rmxgy9KzJVeS9/2gXHxylqXiyQDYRxCVz55jmeOWTM=
golang.org/x/sys v0.0.0-20220715151400-c0bba94af5f8 h1:0A+M6Uqn+Eje4kHMK80dtF3JCXC4ykBgQG4Fe06QRhQ=
golang.org/x/sys v0.0.0-20220715151400-c0bba94af5f8/go.mod h1:oPkhp1MJrh7nUepCBck5+mAzfO9JrbApNNgaTdGDITg=
